// !$*UTF8*$!
{
	archiveVersion = 1;
	classes = {
	};
	objectVersion = 55;
	objects = {

/* Begin PBXBuildFile section */
		DD8BF507287279AD0008D2DB /* LandmarksApp.swift in Sources */ = {isa = PBXBuildFile; fileRef = DD8BF506287279AD0008D2DB /* LandmarksApp.swift */; };
		DD8BF509287279AD0008D2DB /* ContentView.swift in Sources */ = {isa = PBXBuildFile; fileRef = DD8BF508287279AD0008D2DB /* ContentView.swift */; };
		DD8BF50B287279AE0008D2DB /* Assets.xcassets in Resources */ = {isa = PBXBuildFile; fileRef = DD8BF50A287279AE0008D2DB /* Assets.xcassets */; };
		DD8BF50E287279AE0008D2DB /* Preview Assets.xcassets in Resources */ = {isa = PBXBuildFile; fileRef = DD8BF50D287279AE0008D2DB /* Preview Assets.xcassets */; };
		DD8BF518287279AE0008D2DB /* LandmarksTests.swift in Sources */ = {isa = PBXBuildFile; fileRef = DD8BF517287279AE0008D2DB /* LandmarksTests.swift */; };
		DD8BF522287279AE0008D2DB /* LandmarksUITests.swift in Sources */ = {isa = PBXBuildFile; fileRef = DD8BF521287279AE0008D2DB /* LandmarksUITests.swift */; };
		DD8BF524287279AE0008D2DB /* LandmarksUITestsLaunchTests.swift in Sources */ = {isa = PBXBuildFile; fileRef = DD8BF523287279AE0008D2DB /* LandmarksUITestsLaunchTests.swift */; };
		DD8BF53128727BAF0008D2DB /* CircleImage.swift in Sources */ = {isa = PBXBuildFile; fileRef = DD8BF53028727BAF0008D2DB /* CircleImage.swift */; };
		DD8BF53328727C1D0008D2DB /* MapView.swift in Sources */ = {isa = PBXBuildFile; fileRef = DD8BF53228727C1D0008D2DB /* MapView.swift */; };
		DD8BF53528727E320008D2DB /* landmarkData.json in Resources */ = {isa = PBXBuildFile; fileRef = DD8BF53428727E320008D2DB /* landmarkData.json */; };
		DD8BF53728727E4A0008D2DB /* Landmark.swift in Sources */ = {isa = PBXBuildFile; fileRef = DD8BF53628727E4A0008D2DB /* Landmark.swift */; };
		DD8BF53928727F4B0008D2DB /* ModelData.swift in Sources */ = {isa = PBXBuildFile; fileRef = DD8BF53828727F4B0008D2DB /* ModelData.swift */; };
		DD8BF53E2872806D0008D2DB /* LandmarkRow.swift in Sources */ = {isa = PBXBuildFile; fileRef = DD8BF53D2872806D0008D2DB /* LandmarkRow.swift */; };
		DD8BF5402872818E0008D2DB /* LandmarkList.swift in Sources */ = {isa = PBXBuildFile; fileRef = DD8BF53F2872818E0008D2DB /* LandmarkList.swift */; };
		DD8BF5422872825B0008D2DB /* LandmarkDetail.swift in Sources */ = {isa = PBXBuildFile; fileRef = DD8BF5412872825B0008D2DB /* LandmarkDetail.swift */; };
		DD8BF54428734DA00008D2DB /* FavoriteButton.swift in Sources */ = {isa = PBXBuildFile; fileRef = DD8BF54328734DA00008D2DB /* FavoriteButton.swift */; };
		DD8BF548287350430008D2DB /* HexagonParameters.swift in Sources */ = {isa = PBXBuildFile; fileRef = DD8BF547287350430008D2DB /* HexagonParameters.swift */; };
		DD8BF54A2873520B0008D2DB /* BadgeBackground.swift in Sources */ = {isa = PBXBuildFile; fileRef = DD8BF5492873520B0008D2DB /* BadgeBackground.swift */; };
		DD8BF54C2873613F0008D2DB /* BadgeSymbol.swift in Sources */ = {isa = PBXBuildFile; fileRef = DD8BF54B2873613F0008D2DB /* BadgeSymbol.swift */; };
		DD8BF54E2886218B0008D2DB /* RotatedBadgeSymbol.swift in Sources */ = {isa = PBXBuildFile; fileRef = DD8BF54D2886218B0008D2DB /* RotatedBadgeSymbol.swift */; };
		DD8BF550288622620008D2DB /* Badge.swift in Sources */ = {isa = PBXBuildFile; fileRef = DD8BF54F288622620008D2DB /* Badge.swift */; };
		DDE817D3288F324800B80649 /* hikeData.json in Resources */ = {isa = PBXBuildFile; fileRef = DDE817D2288F324800B80649 /* hikeData.json */; };
		DDE817D5288F326800B80649 /* Hike.swift in Sources */ = {isa = PBXBuildFile; fileRef = DDE817D4288F326800B80649 /* Hike.swift */; };
		DDE817DB288F330F00B80649 /* GraphCapsule.swift in Sources */ = {isa = PBXBuildFile; fileRef = DDE817D7288F330F00B80649 /* GraphCapsule.swift */; };
		DDE817DC288F330F00B80649 /* HikeGraph.swift in Sources */ = {isa = PBXBuildFile; fileRef = DDE817D8288F330F00B80649 /* HikeGraph.swift */; };
		DDE817DD288F330F00B80649 /* HikeDetail.swift in Sources */ = {isa = PBXBuildFile; fileRef = DDE817D9288F330F00B80649 /* HikeDetail.swift */; };
		DDE817DE288F330F00B80649 /* HikeView.swift in Sources */ = {isa = PBXBuildFile; fileRef = DDE817DA288F330F00B80649 /* HikeView.swift */; };
		DDE817E1288F385300B80649 /* CategoryHome.swift in Sources */ = {isa = PBXBuildFile; fileRef = DDE817E0288F385300B80649 /* CategoryHome.swift */; };
		DDE817E3288F399D00B80649 /* CategoryRow.swift in Sources */ = {isa = PBXBuildFile; fileRef = DDE817E2288F399D00B80649 /* CategoryRow.swift */; };
		DDE817E7288F3ECE00B80649 /* CategoryItem.swift in Sources */ = {isa = PBXBuildFile; fileRef = DDE817E6288F3ECE00B80649 /* CategoryItem.swift */; };
		DDE817E9288F453100B80649 /* Profile.swift in Sources */ = {isa = PBXBuildFile; fileRef = DDE817E8288F453100B80649 /* Profile.swift */; };
		DDE817EC288F45C200B80649 /* ProfileHost.swift in Sources */ = {isa = PBXBuildFile; fileRef = DDE817EB288F45C200B80649 /* ProfileHost.swift */; };
		DDE817EE288F460E00B80649 /* ProfileSummary.swift in Sources */ = {isa = PBXBuildFile; fileRef = DDE817ED288F460E00B80649 /* ProfileSummary.swift */; };
		DDE817F2288F486900B80649 /* HikeBadge.swift in Sources */ = {isa = PBXBuildFile; fileRef = DDE817F1288F486900B80649 /* HikeBadge.swift */; };
		DDE817F4288F4DAC00B80649 /* ProfileEditor.swift in Sources */ = {isa = PBXBuildFile; fileRef = DDE817F3288F4DAC00B80649 /* ProfileEditor.swift */; };
/* End PBXBuildFile section */

/* Begin PBXContainerItemProxy section */
		DD8BF514287279AE0008D2DB /* PBXContainerItemProxy */ = {
			isa = PBXContainerItemProxy;
			containerPortal = DD8BF4FB287279AD0008D2DB /* Project object */;
			proxyType = 1;
			remoteGlobalIDString = DD8BF502287279AD0008D2DB;
			remoteInfo = Landmarks;
		};
		DD8BF51E287279AE0008D2DB /* PBXContainerItemProxy */ = {
			isa = PBXContainerItemProxy;
			containerPortal = DD8BF4FB287279AD0008D2DB /* Project object */;
			proxyType = 1;
			remoteGlobalIDString = DD8BF502287279AD0008D2DB;
			remoteInfo = Landmarks;
		};
/* End PBXContainerItemProxy section */

/* Begin PBXFileReference section */
		DD8BF503287279AD0008D2DB /* Landmarks.app */ = {isa = PBXFileReference; explicitFileType = wrapper.application; includeInIndex = 0; path = Landmarks.app; sourceTree = BUILT_PRODUCTS_DIR; };
		DD8BF506287279AD0008D2DB /* LandmarksApp.swift */ = {isa = PBXFileReference; lastKnownFileType = sourcecode.swift; path = LandmarksApp.swift; sourceTree = "<group>"; };
		DD8BF508287279AD0008D2DB /* ContentView.swift */ = {isa = PBXFileReference; lastKnownFileType = sourcecode.swift; path = ContentView.swift; sourceTree = "<group>"; };
		DD8BF50A287279AE0008D2DB /* Assets.xcassets */ = {isa = PBXFileReference; lastKnownFileType = folder.assetcatalog; path = Assets.xcassets; sourceTree = "<group>"; };
		DD8BF50D287279AE0008D2DB /* Preview Assets.xcassets */ = {isa = PBXFileReference; lastKnownFileType = folder.assetcatalog; path = "Preview Assets.xcassets"; sourceTree = "<group>"; };
		DD8BF513287279AE0008D2DB /* LandmarksTests.xctest */ = {isa = PBXFileReference; explicitFileType = wrapper.cfbundle; includeInIndex = 0; path = LandmarksTests.xctest; sourceTree = BUILT_PRODUCTS_DIR; };
		DD8BF517287279AE0008D2DB /* LandmarksTests.swift */ = {isa = PBXFileReference; lastKnownFileType = sourcecode.swift; path = LandmarksTests.swift; sourceTree = "<group>"; };
		DD8BF51D287279AE0008D2DB /* LandmarksUITests.xctest */ = {isa = PBXFileReference; explicitFileType = wrapper.cfbundle; includeInIndex = 0; path = LandmarksUITests.xctest; sourceTree = BUILT_PRODUCTS_DIR; };
		DD8BF521287279AE0008D2DB /* LandmarksUITests.swift */ = {isa = PBXFileReference; lastKnownFileType = sourcecode.swift; path = LandmarksUITests.swift; sourceTree = "<group>"; };
		DD8BF523287279AE0008D2DB /* LandmarksUITestsLaunchTests.swift */ = {isa = PBXFileReference; lastKnownFileType = sourcecode.swift; path = LandmarksUITestsLaunchTests.swift; sourceTree = "<group>"; };
		DD8BF53028727BAF0008D2DB /* CircleImage.swift */ = {isa = PBXFileReference; lastKnownFileType = sourcecode.swift; path = CircleImage.swift; sourceTree = "<group>"; };
		DD8BF53228727C1D0008D2DB /* MapView.swift */ = {isa = PBXFileReference; lastKnownFileType = sourcecode.swift; path = MapView.swift; sourceTree = "<group>"; };
		DD8BF53428727E320008D2DB /* landmarkData.json */ = {isa = PBXFileReference; fileEncoding = 4; lastKnownFileType = text.json; path = landmarkData.json; sourceTree = "<group>"; };
		DD8BF53628727E4A0008D2DB /* Landmark.swift */ = {isa = PBXFileReference; lastKnownFileType = sourcecode.swift; path = Landmark.swift; sourceTree = "<group>"; };
		DD8BF53828727F4B0008D2DB /* ModelData.swift */ = {isa = PBXFileReference; lastKnownFileType = sourcecode.swift; path = ModelData.swift; sourceTree = "<group>"; };
		DD8BF53D2872806D0008D2DB /* LandmarkRow.swift */ = {isa = PBXFileReference; lastKnownFileType = sourcecode.swift; path = LandmarkRow.swift; sourceTree = "<group>"; };
		DD8BF53F2872818E0008D2DB /* LandmarkList.swift */ = {isa = PBXFileReference; lastKnownFileType = sourcecode.swift; path = LandmarkList.swift; sourceTree = "<group>"; };
		DD8BF5412872825B0008D2DB /* LandmarkDetail.swift */ = {isa = PBXFileReference; lastKnownFileType = sourcecode.swift; path = LandmarkDetail.swift; sourceTree = "<group>"; };
		DD8BF54328734DA00008D2DB /* FavoriteButton.swift */ = {isa = PBXFileReference; lastKnownFileType = sourcecode.swift; path = FavoriteButton.swift; sourceTree = "<group>"; };
		DD8BF547287350430008D2DB /* HexagonParameters.swift */ = {isa = PBXFileReference; lastKnownFileType = sourcecode.swift; path = HexagonParameters.swift; sourceTree = "<group>"; };
		DD8BF5492873520B0008D2DB /* BadgeBackground.swift */ = {isa = PBXFileReference; lastKnownFileType = sourcecode.swift; path = BadgeBackground.swift; sourceTree = "<group>"; };
		DD8BF54B2873613F0008D2DB /* BadgeSymbol.swift */ = {isa = PBXFileReference; lastKnownFileType = sourcecode.swift; path = BadgeSymbol.swift; sourceTree = "<group>"; };
		DD8BF54D2886218B0008D2DB /* RotatedBadgeSymbol.swift */ = {isa = PBXFileReference; lastKnownFileType = sourcecode.swift; path = RotatedBadgeSymbol.swift; sourceTree = "<group>"; };
		DD8BF54F288622620008D2DB /* Badge.swift */ = {isa = PBXFileReference; lastKnownFileType = sourcecode.swift; path = Badge.swift; sourceTree = "<group>"; };
		DDE817D2288F324800B80649 /* hikeData.json */ = {isa = PBXFileReference; fileEncoding = 4; lastKnownFileType = text.json; path = hikeData.json; sourceTree = "<group>"; };
		DDE817D4288F326800B80649 /* Hike.swift */ = {isa = PBXFileReference; lastKnownFileType = sourcecode.swift; path = Hike.swift; sourceTree = "<group>"; };
		DDE817D7288F330F00B80649 /* GraphCapsule.swift */ = {isa = PBXFileReference; fileEncoding = 4; lastKnownFileType = sourcecode.swift; path = GraphCapsule.swift; sourceTree = "<group>"; };
		DDE817D8288F330F00B80649 /* HikeGraph.swift */ = {isa = PBXFileReference; fileEncoding = 4; lastKnownFileType = sourcecode.swift; path = HikeGraph.swift; sourceTree = "<group>"; };
		DDE817D9288F330F00B80649 /* HikeDetail.swift */ = {isa = PBXFileReference; fileEncoding = 4; lastKnownFileType = sourcecode.swift; path = HikeDetail.swift; sourceTree = "<group>"; };
		DDE817DA288F330F00B80649 /* HikeView.swift */ = {isa = PBXFileReference; fileEncoding = 4; lastKnownFileType = sourcecode.swift; path = HikeView.swift; sourceTree = "<group>"; };
		DDE817E0288F385300B80649 /* CategoryHome.swift */ = {isa = PBXFileReference; lastKnownFileType = sourcecode.swift; path = CategoryHome.swift; sourceTree = "<group>"; };
		DDE817E2288F399D00B80649 /* CategoryRow.swift */ = {isa = PBXFileReference; lastKnownFileType = sourcecode.swift; path = CategoryRow.swift; sourceTree = "<group>"; };
		DDE817E6288F3ECE00B80649 /* CategoryItem.swift */ = {isa = PBXFileReference; lastKnownFileType = sourcecode.swift; path = CategoryItem.swift; sourceTree = "<group>"; };
		DDE817E8288F453100B80649 /* Profile.swift */ = {isa = PBXFileReference; lastKnownFileType = sourcecode.swift; path = Profile.swift; sourceTree = "<group>"; };
		DDE817EB288F45C200B80649 /* ProfileHost.swift */ = {isa = PBXFileReference; lastKnownFileType = sourcecode.swift; path = ProfileHost.swift; sourceTree = "<group>"; };
		DDE817ED288F460E00B80649 /* ProfileSummary.swift */ = {isa = PBXFileReference; lastKnownFileType = sourcecode.swift; path = ProfileSummary.swift; sourceTree = "<group>"; };
		DDE817F1288F486900B80649 /* HikeBadge.swift */ = {isa = PBXFileReference; lastKnownFileType = sourcecode.swift; path = HikeBadge.swift; sourceTree = "<group>"; };
		DDE817F3288F4DAC00B80649 /* ProfileEditor.swift */ = {isa = PBXFileReference; lastKnownFileType = sourcecode.swift; path = ProfileEditor.swift; sourceTree = "<group>"; };
/* End PBXFileReference section */

/* Begin PBXFrameworksBuildPhase section */
		DD8BF500287279AD0008D2DB /* Frameworks */ = {
			isa = PBXFrameworksBuildPhase;
			buildActionMask = 2147483647;
			files = (
			);
			runOnlyForDeploymentPostprocessing = 0;
		};
		DD8BF510287279AE0008D2DB /* Frameworks */ = {
			isa = PBXFrameworksBuildPhase;
			buildActionMask = 2147483647;
			files = (
			);
			runOnlyForDeploymentPostprocessing = 0;
		};
		DD8BF51A287279AE0008D2DB /* Frameworks */ = {
			isa = PBXFrameworksBuildPhase;
			buildActionMask = 2147483647;
			files = (
			);
			runOnlyForDeploymentPostprocessing = 0;
		};
/* End PBXFrameworksBuildPhase section */

/* Begin PBXGroup section */
		DD8BF4FA287279AD0008D2DB = {
			isa = PBXGroup;
			children = (
				DD8BF505287279AD0008D2DB /* Landmarks */,
				DD8BF516287279AE0008D2DB /* LandmarksTests */,
				DD8BF520287279AE0008D2DB /* LandmarksUITests */,
				DD8BF504287279AD0008D2DB /* Products */,
			);
			sourceTree = "<group>";
		};
		DD8BF504287279AD0008D2DB /* Products */ = {
			isa = PBXGroup;
			children = (
				DD8BF503287279AD0008D2DB /* Landmarks.app */,
				DD8BF513287279AE0008D2DB /* LandmarksTests.xctest */,
				DD8BF51D287279AE0008D2DB /* LandmarksUITests.xctest */,
			);
			name = Products;
			sourceTree = "<group>";
		};
		DD8BF505287279AD0008D2DB /* Landmarks */ = {
			isa = PBXGroup;
			children = (
				DD8BF53C287280350008D2DB /* Resources */,
				DD8BF53B2872802E0008D2DB /* Model */,
				DD8BF53A287280260008D2DB /* Views */,
				DD8BF506287279AD0008D2DB /* LandmarksApp.swift */,
				DD8BF50A287279AE0008D2DB /* Assets.xcassets */,
				DD8BF50C287279AE0008D2DB /* Preview Content */,
			);
			path = Landmarks;
			sourceTree = "<group>";
		};
		DD8BF50C287279AE0008D2DB /* Preview Content */ = {
			isa = PBXGroup;
			children = (
				DD8BF50D287279AE0008D2DB /* Preview Assets.xcassets */,
			);
			path = "Preview Content";
			sourceTree = "<group>";
		};
		DD8BF516287279AE0008D2DB /* LandmarksTests */ = {
			isa = PBXGroup;
			children = (
				DD8BF517287279AE0008D2DB /* LandmarksTests.swift */,
			);
			path = LandmarksTests;
			sourceTree = "<group>";
		};
		DD8BF520287279AE0008D2DB /* LandmarksUITests */ = {
			isa = PBXGroup;
			children = (
				DD8BF521287279AE0008D2DB /* LandmarksUITests.swift */,
				DD8BF523287279AE0008D2DB /* LandmarksUITestsLaunchTests.swift */,
			);
			path = LandmarksUITests;
			sourceTree = "<group>";
		};
		DD8BF53A287280260008D2DB /* Views */ = {
			isa = PBXGroup;
			children = (
				DDE817EA288F45B000B80649 /* Profiles */,
				DDE817DF288F384000B80649 /* Categories */,
				DDE817D6288F330F00B80649 /* Hikes */,
				DD8BF54528734E160008D2DB /* Landmarks */,
				DD8BF54628734E1E0008D2DB /* Helpers */,
				DD8BF551288623D50008D2DB /* Badges */,
				DD8BF508287279AD0008D2DB /* ContentView.swift */,
			);
			path = Views;
			sourceTree = "<group>";
		};
		DD8BF53B2872802E0008D2DB /* Model */ = {
			isa = PBXGroup;
			children = (
				DD8BF53628727E4A0008D2DB /* Landmark.swift */,
				DD8BF53828727F4B0008D2DB /* ModelData.swift */,
				DDE817D4288F326800B80649 /* Hike.swift */,
				DDE817E8288F453100B80649 /* Profile.swift */,
			);
			path = Model;
			sourceTree = "<group>";
		};
		DD8BF53C287280350008D2DB /* Resources */ = {
			isa = PBXGroup;
			children = (
				DDE817D2288F324800B80649 /* hikeData.json */,
				DD8BF53428727E320008D2DB /* landmarkData.json */,
			);
			path = Resources;
			sourceTree = "<group>";
		};
		DD8BF54528734E160008D2DB /* Landmarks */ = {
			isa = PBXGroup;
			children = (
				DD8BF53D2872806D0008D2DB /* LandmarkRow.swift */,
				DD8BF53F2872818E0008D2DB /* LandmarkList.swift */,
				DD8BF5412872825B0008D2DB /* LandmarkDetail.swift */,
			);
			path = Landmarks;
			sourceTree = "<group>";
		};
		DD8BF54628734E1E0008D2DB /* Helpers */ = {
			isa = PBXGroup;
			children = (
				DD8BF53228727C1D0008D2DB /* MapView.swift */,
				DD8BF53028727BAF0008D2DB /* CircleImage.swift */,
				DD8BF54328734DA00008D2DB /* FavoriteButton.swift */,
			);
			path = Helpers;
			sourceTree = "<group>";
		};
		DD8BF551288623D50008D2DB /* Badges */ = {
			isa = PBXGroup;
			children = (
				DD8BF54D2886218B0008D2DB /* RotatedBadgeSymbol.swift */,
				DD8BF54F288622620008D2DB /* Badge.swift */,
				DD8BF5492873520B0008D2DB /* BadgeBackground.swift */,
				DD8BF54B2873613F0008D2DB /* BadgeSymbol.swift */,
				DD8BF547287350430008D2DB /* HexagonParameters.swift */,
			);
			path = Badges;
			sourceTree = "<group>";
		};
		DDE817D6288F330F00B80649 /* Hikes */ = {
			isa = PBXGroup;
			children = (
				DDE817D7288F330F00B80649 /* GraphCapsule.swift */,
				DDE817D8288F330F00B80649 /* HikeGraph.swift */,
				DDE817D9288F330F00B80649 /* HikeDetail.swift */,
				DDE817DA288F330F00B80649 /* HikeView.swift */,
				DDE817F1288F486900B80649 /* HikeBadge.swift */,
			);
			name = Hikes;
			path = ../Hikes;
			sourceTree = "<group>";
		};
		DDE817DF288F384000B80649 /* Categories */ = {
			isa = PBXGroup;
			children = (
				DDE817E0288F385300B80649 /* CategoryHome.swift */,
				DDE817E2288F399D00B80649 /* CategoryRow.swift */,
				DDE817E6288F3ECE00B80649 /* CategoryItem.swift */,
			);
			path = Categories;
			sourceTree = "<group>";
		};
		DDE817EA288F45B000B80649 /* Profiles */ = {
			isa = PBXGroup;
			children = (
				DDE817EB288F45C200B80649 /* ProfileHost.swift */,
				DDE817ED288F460E00B80649 /* ProfileSummary.swift */,
				DDE817F3288F4DAC00B80649 /* ProfileEditor.swift */,
			);
			path = Profiles;
			sourceTree = "<group>";
		};
/* End PBXGroup section */

/* Begin PBXNativeTarget section */
		DD8BF502287279AD0008D2DB /* Landmarks */ = {
			isa = PBXNativeTarget;
			buildConfigurationList = DD8BF527287279AE0008D2DB /* Build configuration list for PBXNativeTarget "Landmarks" */;
			buildPhases = (
				DD8BF4FF287279AD0008D2DB /* Sources */,
				DD8BF500287279AD0008D2DB /* Frameworks */,
				DD8BF501287279AD0008D2DB /* Resources */,
			);
			buildRules = (
			);
			dependencies = (
			);
			name = Landmarks;
			productName = Landmarks;
			productReference = DD8BF503287279AD0008D2DB /* Landmarks.app */;
			productType = "com.apple.product-type.application";
		};
		DD8BF512287279AE0008D2DB /* LandmarksTests */ = {
			isa = PBXNativeTarget;
			buildConfigurationList = DD8BF52A287279AE0008D2DB /* Build configuration list for PBXNativeTarget "LandmarksTests" */;
			buildPhases = (
				DD8BF50F287279AE0008D2DB /* Sources */,
				DD8BF510287279AE0008D2DB /* Frameworks */,
				DD8BF511287279AE0008D2DB /* Resources */,
			);
			buildRules = (
			);
			dependencies = (
				DD8BF515287279AE0008D2DB /* PBXTargetDependency */,
			);
			name = LandmarksTests;
			productName = LandmarksTests;
			productReference = DD8BF513287279AE0008D2DB /* LandmarksTests.xctest */;
			productType = "com.apple.product-type.bundle.unit-test";
		};
		DD8BF51C287279AE0008D2DB /* LandmarksUITests */ = {
			isa = PBXNativeTarget;
			buildConfigurationList = DD8BF52D287279AE0008D2DB /* Build configuration list for PBXNativeTarget "LandmarksUITests" */;
			buildPhases = (
				DD8BF519287279AE0008D2DB /* Sources */,
				DD8BF51A287279AE0008D2DB /* Frameworks */,
				DD8BF51B287279AE0008D2DB /* Resources */,
			);
			buildRules = (
			);
			dependencies = (
				DD8BF51F287279AE0008D2DB /* PBXTargetDependency */,
			);
			name = LandmarksUITests;
			productName = LandmarksUITests;
			productReference = DD8BF51D287279AE0008D2DB /* LandmarksUITests.xctest */;
			productType = "com.apple.product-type.bundle.ui-testing";
		};
/* End PBXNativeTarget section */

/* Begin PBXProject section */
		DD8BF4FB287279AD0008D2DB /* Project object */ = {
			isa = PBXProject;
			attributes = {
				BuildIndependentTargetsInParallel = 1;
				LastSwiftUpdateCheck = 1340;
				LastUpgradeCheck = 1340;
				TargetAttributes = {
					DD8BF502287279AD0008D2DB = {
						CreatedOnToolsVersion = 13.4.1;
					};
					DD8BF512287279AE0008D2DB = {
						CreatedOnToolsVersion = 13.4.1;
						TestTargetID = DD8BF502287279AD0008D2DB;
					};
					DD8BF51C287279AE0008D2DB = {
						CreatedOnToolsVersion = 13.4.1;
						TestTargetID = DD8BF502287279AD0008D2DB;
					};
				};
			};
			buildConfigurationList = DD8BF4FE287279AD0008D2DB /* Build configuration list for PBXProject "Landmarks" */;
			compatibilityVersion = "Xcode 13.0";
			developmentRegion = en;
			hasScannedForEncodings = 0;
			knownRegions = (
				en,
				Base,
			);
			mainGroup = DD8BF4FA287279AD0008D2DB;
			productRefGroup = DD8BF504287279AD0008D2DB /* Products */;
			projectDirPath = "";
			projectRoot = "";
			targets = (
				DD8BF502287279AD0008D2DB /* Landmarks */,
				DD8BF512287279AE0008D2DB /* LandmarksTests */,
				DD8BF51C287279AE0008D2DB /* LandmarksUITests */,
			);
		};
/* End PBXProject section */

/* Begin PBXResourcesBuildPhase section */
		DD8BF501287279AD0008D2DB /* Resources */ = {
			isa = PBXResourcesBuildPhase;
			buildActionMask = 2147483647;
			files = (
				DD8BF50E287279AE0008D2DB /* Preview Assets.xcassets in Resources */,
				DD8BF50B287279AE0008D2DB /* Assets.xcassets in Resources */,
				DD8BF53528727E320008D2DB /* landmarkData.json in Resources */,
				DDE817D3288F324800B80649 /* hikeData.json in Resources */,
			);
			runOnlyForDeploymentPostprocessing = 0;
		};
		DD8BF511287279AE0008D2DB /* Resources */ = {
			isa = PBXResourcesBuildPhase;
			buildActionMask = 2147483647;
			files = (
			);
			runOnlyForDeploymentPostprocessing = 0;
		};
		DD8BF51B287279AE0008D2DB /* Resources */ = {
			isa = PBXResourcesBuildPhase;
			buildActionMask = 2147483647;
			files = (
			);
			runOnlyForDeploymentPostprocessing = 0;
		};
/* End PBXResourcesBuildPhase section */

/* Begin PBXSourcesBuildPhase section */
		DD8BF4FF287279AD0008D2DB /* Sources */ = {
			isa = PBXSourcesBuildPhase;
			buildActionMask = 2147483647;
			files = (
				DDE817E3288F399D00B80649 /* CategoryRow.swift in Sources */,
				DDE817E9288F453100B80649 /* Profile.swift in Sources */,
				DD8BF509287279AD0008D2DB /* ContentView.swift in Sources */,
				DDE817E1288F385300B80649 /* CategoryHome.swift in Sources */,
				DDE817DC288F330F00B80649 /* HikeGraph.swift in Sources */,
				DD8BF550288622620008D2DB /* Badge.swift in Sources */,
				DD8BF53328727C1D0008D2DB /* MapView.swift in Sources */,
				DDE817DB288F330F00B80649 /* GraphCapsule.swift in Sources */,
				DD8BF507287279AD0008D2DB /* LandmarksApp.swift in Sources */,
				DD8BF54428734DA00008D2DB /* FavoriteButton.swift in Sources */,
				DDE817E7288F3ECE00B80649 /* CategoryItem.swift in Sources */,
				DDE817DD288F330F00B80649 /* HikeDetail.swift in Sources */,
				DDE817EE288F460E00B80649 /* ProfileSummary.swift in Sources */,
				DD8BF548287350430008D2DB /* HexagonParameters.swift in Sources */,
				DDE817EC288F45C200B80649 /* ProfileHost.swift in Sources */,
				DDE817D5288F326800B80649 /* Hike.swift in Sources */,
				DD8BF54E2886218B0008D2DB /* RotatedBadgeSymbol.swift in Sources */,
				DD8BF54C2873613F0008D2DB /* BadgeSymbol.swift in Sources */,
				DDE817F4288F4DAC00B80649 /* ProfileEditor.swift in Sources */,
				DD8BF5402872818E0008D2DB /* LandmarkList.swift in Sources */,
				DDE817DE288F330F00B80649 /* HikeView.swift in Sources */,
				DD8BF5422872825B0008D2DB /* LandmarkDetail.swift in Sources */,
				DD8BF54A2873520B0008D2DB /* BadgeBackground.swift in Sources */,
				DDE817F2288F486900B80649 /* HikeBadge.swift in Sources */,
				DD8BF53128727BAF0008D2DB /* CircleImage.swift in Sources */,
				DD8BF53728727E4A0008D2DB /* Landmark.swift in Sources */,
				DD8BF53E2872806D0008D2DB /* LandmarkRow.swift in Sources */,
				DD8BF53928727F4B0008D2DB /* ModelData.swift in Sources */,
			);
			runOnlyForDeploymentPostprocessing = 0;
		};
		DD8BF50F287279AE0008D2DB /* Sources */ = {
			isa = PBXSourcesBuildPhase;
			buildActionMask = 2147483647;
			files = (
				DD8BF518287279AE0008D2DB /* LandmarksTests.swift in Sources */,
			);
			runOnlyForDeploymentPostprocessing = 0;
		};
		DD8BF519287279AE0008D2DB /* Sources */ = {
			isa = PBXSourcesBuildPhase;
			buildActionMask = 2147483647;
			files = (
				DD8BF524287279AE0008D2DB /* LandmarksUITestsLaunchTests.swift in Sources */,
				DD8BF522287279AE0008D2DB /* LandmarksUITests.swift in Sources */,
			);
			runOnlyForDeploymentPostprocessing = 0;
		};
/* End PBXSourcesBuildPhase section */

/* Begin PBXTargetDependency section */
		DD8BF515287279AE0008D2DB /* PBXTargetDependency */ = {
			isa = PBXTargetDependency;
			target = DD8BF502287279AD0008D2DB /* Landmarks */;
			targetProxy = DD8BF514287279AE0008D2DB /* PBXContainerItemProxy */;
		};
		DD8BF51F287279AE0008D2DB /* PBXTargetDependency */ = {
			isa = PBXTargetDependency;
			target = DD8BF502287279AD0008D2DB /* Landmarks */;
			targetProxy = DD8BF51E287279AE0008D2DB /* PBXContainerItemProxy */;
		};
/* End PBXTargetDependency section */

/* Begin XCBuildConfiguration section */
		DD8BF525287279AE0008D2DB /* Debug */ = {
			isa = XCBuildConfiguration;
			buildSettings = {
				ALWAYS_SEARCH_USER_PATHS = NO;
				CLANG_ANALYZER_NONNULL = YES;
				CLANG_ANALYZER_NUMBER_OBJECT_CONVERSION = YES_AGGRESSIVE;
				CLANG_CXX_LANGUAGE_STANDARD = "gnu++17";
				CLANG_ENABLE_MODULES = YES;
				CLANG_ENABLE_OBJC_ARC = YES;
				CLANG_ENABLE_OBJC_WEAK = YES;
				CLANG_WARN_BLOCK_CAPTURE_AUTORELEASING = YES;
				CLANG_WARN_BOOL_CONVERSION = YES;
				CLANG_WARN_COMMA = YES;
				CLANG_WARN_CONSTANT_CONVERSION = YES;
				CLANG_WARN_DEPRECATED_OBJC_IMPLEMENTATIONS = YES;
				CLANG_WARN_DIRECT_OBJC_ISA_USAGE = YES_ERROR;
				CLANG_WARN_DOCUMENTATION_COMMENTS = YES;
				CLANG_WARN_EMPTY_BODY = YES;
				CLANG_WARN_ENUM_CONVERSION = YES;
				CLANG_WARN_INFINITE_RECURSION = YES;
				CLANG_WARN_INT_CONVERSION = YES;
				CLANG_WARN_NON_LITERAL_NULL_CONVERSION = YES;
				CLANG_WARN_OBJC_IMPLICIT_RETAIN_SELF = YES;
				CLANG_WARN_OBJC_LITERAL_CONVERSION = YES;
				CLANG_WARN_OBJC_ROOT_CLASS = YES_ERROR;
				CLANG_WARN_QUOTED_INCLUDE_IN_FRAMEWORK_HEADER = YES;
				CLANG_WARN_RANGE_LOOP_ANALYSIS = YES;
				CLANG_WARN_STRICT_PROTOTYPES = YES;
				CLANG_WARN_SUSPICIOUS_MOVE = YES;
				CLANG_WARN_UNGUARDED_AVAILABILITY = YES_AGGRESSIVE;
				CLANG_WARN_UNREACHABLE_CODE = YES;
				CLANG_WARN__DUPLICATE_METHOD_MATCH = YES;
				COPY_PHASE_STRIP = NO;
				DEBUG_INFORMATION_FORMAT = dwarf;
				ENABLE_STRICT_OBJC_MSGSEND = YES;
				ENABLE_TESTABILITY = YES;
				GCC_C_LANGUAGE_STANDARD = gnu11;
				GCC_DYNAMIC_NO_PIC = NO;
				GCC_NO_COMMON_BLOCKS = YES;
				GCC_OPTIMIZATION_LEVEL = 0;
				GCC_PREPROCESSOR_DEFINITIONS = (
					"DEBUG=1",
					"$(inherited)",
				);
				GCC_WARN_64_TO_32_BIT_CONVERSION = YES;
				GCC_WARN_ABOUT_RETURN_TYPE = YES_ERROR;
				GCC_WARN_UNDECLARED_SELECTOR = YES;
				GCC_WARN_UNINITIALIZED_AUTOS = YES_AGGRESSIVE;
				GCC_WARN_UNUSED_FUNCTION = YES;
				GCC_WARN_UNUSED_VARIABLE = YES;
				IPHONEOS_DEPLOYMENT_TARGET = 15.5;
				MTL_ENABLE_DEBUG_INFO = INCLUDE_SOURCE;
				MTL_FAST_MATH = YES;
				ONLY_ACTIVE_ARCH = YES;
				SDKROOT = iphoneos;
				SWIFT_ACTIVE_COMPILATION_CONDITIONS = DEBUG;
				SWIFT_OPTIMIZATION_LEVEL = "-Onone";
			};
			name = Debug;
		};
		DD8BF526287279AE0008D2DB /* Release */ = {
			isa = XCBuildConfiguration;
			buildSettings = {
				ALWAYS_SEARCH_USER_PATHS = NO;
				CLANG_ANALYZER_NONNULL = YES;
				CLANG_ANALYZER_NUMBER_OBJECT_CONVERSION = YES_AGGRESSIVE;
				CLANG_CXX_LANGUAGE_STANDARD = "gnu++17";
				CLANG_ENABLE_MODULES = YES;
				CLANG_ENABLE_OBJC_ARC = YES;
				CLANG_ENABLE_OBJC_WEAK = YES;
				CLANG_WARN_BLOCK_CAPTURE_AUTORELEASING = YES;
				CLANG_WARN_BOOL_CONVERSION = YES;
				CLANG_WARN_COMMA = YES;
				CLANG_WARN_CONSTANT_CONVERSION = YES;
				CLANG_WARN_DEPRECATED_OBJC_IMPLEMENTATIONS = YES;
				CLANG_WARN_DIRECT_OBJC_ISA_USAGE = YES_ERROR;
				CLANG_WARN_DOCUMENTATION_COMMENTS = YES;
				CLANG_WARN_EMPTY_BODY = YES;
				CLANG_WARN_ENUM_CONVERSION = YES;
				CLANG_WARN_INFINITE_RECURSION = YES;
				CLANG_WARN_INT_CONVERSION = YES;
				CLANG_WARN_NON_LITERAL_NULL_CONVERSION = YES;
				CLANG_WARN_OBJC_IMPLICIT_RETAIN_SELF = YES;
				CLANG_WARN_OBJC_LITERAL_CONVERSION = YES;
				CLANG_WARN_OBJC_ROOT_CLASS = YES_ERROR;
				CLANG_WARN_QUOTED_INCLUDE_IN_FRAMEWORK_HEADER = YES;
				CLANG_WARN_RANGE_LOOP_ANALYSIS = YES;
				CLANG_WARN_STRICT_PROTOTYPES = YES;
				CLANG_WARN_SUSPICIOUS_MOVE = YES;
				CLANG_WARN_UNGUARDED_AVAILABILITY = YES_AGGRESSIVE;
				CLANG_WARN_UNREACHABLE_CODE = YES;
				CLANG_WARN__DUPLICATE_METHOD_MATCH = YES;
				COPY_PHASE_STRIP = NO;
				DEBUG_INFORMATION_FORMAT = "dwarf-with-dsym";
				ENABLE_NS_ASSERTIONS = NO;
				ENABLE_STRICT_OBJC_MSGSEND = YES;
				GCC_C_LANGUAGE_STANDARD = gnu11;
				GCC_NO_COMMON_BLOCKS = YES;
				GCC_WARN_64_TO_32_BIT_CONVERSION = YES;
				GCC_WARN_ABOUT_RETURN_TYPE = YES_ERROR;
				GCC_WARN_UNDECLARED_SELECTOR = YES;
				GCC_WARN_UNINITIALIZED_AUTOS = YES_AGGRESSIVE;
				GCC_WARN_UNUSED_FUNCTION = YES;
				GCC_WARN_UNUSED_VARIABLE = YES;
				IPHONEOS_DEPLOYMENT_TARGET = 15.5;
				MTL_ENABLE_DEBUG_INFO = NO;
				MTL_FAST_MATH = YES;
				SDKROOT = iphoneos;
				SWIFT_COMPILATION_MODE = wholemodule;
				SWIFT_OPTIMIZATION_LEVEL = "-O";
				VALIDATE_PRODUCT = YES;
			};
			name = Release;
		};
		DD8BF528287279AE0008D2DB /* Debug */ = {
			isa = XCBuildConfiguration;
			buildSettings = {
				ASSETCATALOG_COMPILER_APPICON_NAME = AppIcon;
				ASSETCATALOG_COMPILER_GLOBAL_ACCENT_COLOR_NAME = AccentColor;
				CODE_SIGN_STYLE = Automatic;
				CURRENT_PROJECT_VERSION = 1;
				DEVELOPMENT_ASSET_PATHS = "\"Landmarks/Preview Content\"";
				ENABLE_PREVIEWS = YES;
				GENERATE_INFOPLIST_FILE = YES;
				INFOPLIST_KEY_UIApplicationSceneManifest_Generation = YES;
				INFOPLIST_KEY_UIApplicationSupportsIndirectInputEvents = YES;
				INFOPLIST_KEY_UILaunchScreen_Generation = YES;
				INFOPLIST_KEY_UISupportedInterfaceOrientations_iPad = "UIInterfaceOrientationPortrait UIInterfaceOrientationPortraitUpsideDown UIInterfaceOrientationLandscapeLeft UIInterfaceOrientationLandscapeRight";
				INFOPLIST_KEY_UISupportedInterfaceOrientations_iPhone = "UIInterfaceOrientationPortrait UIInterfaceOrientationLandscapeLeft UIInterfaceOrientationLandscapeRight";
				LD_RUNPATH_SEARCH_PATHS = (
					"$(inherited)",
					"@executable_path/Frameworks",
				);
				MARKETING_VERSION = 1.0;
				PRODUCT_BUNDLE_IDENTIFIER = ehayes.Landmarks;
				PRODUCT_NAME = "$(TARGET_NAME)";
				SWIFT_EMIT_LOC_STRINGS = YES;
				SWIFT_VERSION = 5.0;
				TARGETED_DEVICE_FAMILY = "1,2";
			};
			name = Debug;
		};
		DD8BF529287279AE0008D2DB /* Release */ = {
			isa = XCBuildConfiguration;
			buildSettings = {
				ASSETCATALOG_COMPILER_APPICON_NAME = AppIcon;
				ASSETCATALOG_COMPILER_GLOBAL_ACCENT_COLOR_NAME = AccentColor;
				CODE_SIGN_STYLE = Automatic;
				CURRENT_PROJECT_VERSION = 1;
				DEVELOPMENT_ASSET_PATHS = "\"Landmarks/Preview Content\"";
				ENABLE_PREVIEWS = YES;
				GENERATE_INFOPLIST_FILE = YES;
				INFOPLIST_KEY_UIApplicationSceneManifest_Generation = YES;
				INFOPLIST_KEY_UIApplicationSupportsIndirectInputEvents = YES;
				INFOPLIST_KEY_UILaunchScreen_Generation = YES;
				INFOPLIST_KEY_UISupportedInterfaceOrientations_iPad = "UIInterfaceOrientationPortrait UIInterfaceOrientationPortraitUpsideDown UIInterfaceOrientationLandscapeLeft UIInterfaceOrientationLandscapeRight";
				INFOPLIST_KEY_UISupportedInterfaceOrientations_iPhone = "UIInterfaceOrientationPortrait UIInterfaceOrientationLandscapeLeft UIInterfaceOrientationLandscapeRight";
				LD_RUNPATH_SEARCH_PATHS = (
					"$(inherited)",
					"@executable_path/Frameworks",
				);
				MARKETING_VERSION = 1.0;
				PRODUCT_BUNDLE_IDENTIFIER = ehayes.Landmarks;
				PRODUCT_NAME = "$(TARGET_NAME)";
				SWIFT_EMIT_LOC_STRINGS = YES;
				SWIFT_VERSION = 5.0;
				TARGETED_DEVICE_FAMILY = "1,2";
			};
			name = Release;
		};
		DD8BF52B287279AE0008D2DB /* Debug */ = {
			isa = XCBuildConfiguration;
			buildSettings = {
				ALWAYS_EMBED_SWIFT_STANDARD_LIBRARIES = YES;
				BUNDLE_LOADER = "$(TEST_HOST)";
				CODE_SIGN_STYLE = Automatic;
				CURRENT_PROJECT_VERSION = 1;
				GENERATE_INFOPLIST_FILE = YES;
				IPHONEOS_DEPLOYMENT_TARGET = 15.5;
				MARKETING_VERSION = 1.0;
				PRODUCT_BUNDLE_IDENTIFIER = ehayes.LandmarksTests;
				PRODUCT_NAME = "$(TARGET_NAME)";
				SWIFT_EMIT_LOC_STRINGS = NO;
				SWIFT_VERSION = 5.0;
				TARGETED_DEVICE_FAMILY = "1,2";
				TEST_HOST = "$(BUILT_PRODUCTS_DIR)/Landmarks.app/Landmarks";
			};
			name = Debug;
		};
		DD8BF52C287279AE0008D2DB /* Release */ = {
			isa = XCBuildConfiguration;
			buildSettings = {
				ALWAYS_EMBED_SWIFT_STANDARD_LIBRARIES = YES;
				BUNDLE_LOADER = "$(TEST_HOST)";
				CODE_SIGN_STYLE = Automatic;
				CURRENT_PROJECT_VERSION = 1;
				GENERATE_INFOPLIST_FILE = YES;
				IPHONEOS_DEPLOYMENT_TARGET = 15.5;
				MARKETING_VERSION = 1.0;
				PRODUCT_BUNDLE_IDENTIFIER = ehayes.LandmarksTests;
				PRODUCT_NAME = "$(TARGET_NAME)";
				SWIFT_EMIT_LOC_STRINGS = NO;
				SWIFT_VERSION = 5.0;
				TARGETED_DEVICE_FAMILY = "1,2";
				TEST_HOST = "$(BUILT_PRODUCTS_DIR)/Landmarks.app/Landmarks";
			};
			name = Release;
		};
		DD8BF52E287279AE0008D2DB /* Debug */ = {
			isa = XCBuildConfiguration;
			buildSettings = {
				ALWAYS_EMBED_SWIFT_STANDARD_LIBRARIES = YES;
				CODE_SIGN_STYLE = Automatic;
				CURRENT_PROJECT_VERSION = 1;
				GENERATE_INFOPLIST_FILE = YES;
				MARKETING_VERSION = 1.0;
				PRODUCT_BUNDLE_IDENTIFIER = ehayes.LandmarksUITests;
				PRODUCT_NAME = "$(TARGET_NAME)";
				SWIFT_EMIT_LOC_STRINGS = NO;
				SWIFT_VERSION = 5.0;
				TARGETED_DEVICE_FAMILY = "1,2";
				TEST_TARGET_NAME = Landmarks;
			};
			name = Debug;
		};
		DD8BF52F287279AE0008D2DB /* Release */ = {
			isa = XCBuildConfiguration;
			buildSettings = {
				ALWAYS_EMBED_SWIFT_STANDARD_LIBRARIES = YES;
				CODE_SIGN_STYLE = Automatic;
				CURRENT_PROJECT_VERSION = 1;
				GENERATE_INFOPLIST_FILE = YES;
				MARKETING_VERSION = 1.0;
				PRODUCT_BUNDLE_IDENTIFIER = ehayes.LandmarksUITests;
				PRODUCT_NAME = "$(TARGET_NAME)";
				SWIFT_EMIT_LOC_STRINGS = NO;
				SWIFT_VERSION = 5.0;
				TARGETED_DEVICE_FAMILY = "1,2";
				TEST_TARGET_NAME = Landmarks;
			};
			name = Release;
		};
/* End XCBuildConfiguration section */

/* Begin XCConfigurationList section */
		DD8BF4FE287279AD0008D2DB /* Build configuration list for PBXProject "Landmarks" */ = {
			isa = XCConfigurationList;
			buildConfigurations = (
				DD8BF525287279AE0008D2DB /* Debug */,
				DD8BF526287279AE0008D2DB /* Release */,
			);
			defaultConfigurationIsVisible = 0;
			defaultConfigurationName = Release;
		};
		DD8BF527287279AE0008D2DB /* Build configuration list for PBXNativeTarget "Landmarks" */ = {
			isa = XCConfigurationList;
			buildConfigurations = (
				DD8BF528287279AE0008D2DB /* Debug */,
				DD8BF529287279AE0008D2DB /* Release */,
			);
			defaultConfigurationIsVisible = 0;
			defaultConfigurationName = Release;
		};
		DD8BF52A287279AE0008D2DB /* Build configuration list for PBXNativeTarget "LandmarksTests" */ = {
			isa = XCConfigurationList;
			buildConfigurations = (
				DD8BF52B287279AE0008D2DB /* Debug */,
				DD8BF52C287279AE0008D2DB /* Release */,
			);
			defaultConfigurationIsVisible = 0;
			defaultConfigurationName = Release;
		};
		DD8BF52D287279AE0008D2DB /* Build configuration list for PBXNativeTarget "LandmarksUITests" */ = {
			isa = XCConfigurationList;
			buildConfigurations = (
				DD8BF52E287279AE0008D2DB /* Debug */,
				DD8BF52F287279AE0008D2DB /* Release */,
			);
			defaultConfigurationIsVisible = 0;
			defaultConfigurationName = Release;
		};
/* End XCConfigurationList section */
	};
	rootObject = DD8BF4FB287279AD0008D2DB /* Project object */;
}
